
Microsoft Visual Studio Solution File, Format Version 12.00
# Visual Studio Version 16
VisualStudioVersion = 16.0.30523.141
MinimumVisualStudioVersion = 10.0.40219.1
Project("{FAE04EC0-301F-11D3-BF4B-00C04F79EFBC}") = "dateTime", "dateTime\dateTime.csproj", "{05874847-5572-434F-BB52-03AC63BC8266}"
EndProject
Global
	GlobalSection(SolutionConfigurationPlatforms) = preSolution
		Debug|Any CPU = Debug|Any CPU
		Release|Any CPU = Release|Any CPU
	EndGlobalSection
	GlobalSection(ProjectConfigurationPlatforms) = postSolution
		{05874847-5572-434F-BB52-03AC63BC8266}.Debug|Any CPU.ActiveCfg = Debug|Any CPU
		{05874847-5572-434F-BB52-03AC63BC8266}.Debug|Any CPU.Build.0 = Debug|Any CPU
		{05874847-5572-434F-BB52-03AC63BC8266}.Release|Any CPU.ActiveCfg = Release|Any CPU
		{05874847-5572-434F-BB52-03AC63BC8266}.Release|Any CPU.Build.0 = Release|Any CPU
	EndGlobalSection
	GlobalSection(SolutionProperties) = preSolution
		HideSolutionNode = FALSE
	EndGlobalSection
	GlobalSection(ExtensibilityGlobals) = postSolution
		SolutionGuid = {520664BD-D18C-42F6-A0EB-26F235A65CA8}
	EndGlobalSection
EndGlobal
