
Microsoft Visual Studio Solution File, Format Version 12.00
# Visual Studio Version 16
VisualStudioVersion = 16.0.30523.141
MinimumVisualStudioVersion = 10.0.40219.1
Project("{FAE04EC0-301F-11D3-BF4B-00C04F79EFBC}") = "ClassAndMethodsMath", "ClassAndMethodsMath\ClassAndMethodsMath.csproj", "{A7756FF0-FDAF-4FE8-9AA0-B021191C0C6F}"
EndProject
Global
	GlobalSection(SolutionConfigurationPlatforms) = preSolution
		Debug|Any CPU = Debug|Any CPU
		Release|Any CPU = Release|Any CPU
	EndGlobalSection
	GlobalSection(ProjectConfigurationPlatforms) = postSolution
		{A7756FF0-FDAF-4FE8-9AA0-B021191C0C6F}.Debug|Any CPU.ActiveCfg = Debug|Any CPU
		{A7756FF0-FDAF-4FE8-9AA0-B021191C0C6F}.Debug|Any CPU.Build.0 = Debug|Any CPU
		{A7756FF0-FDAF-4FE8-9AA0-B021191C0C6F}.Release|Any CPU.ActiveCfg = Release|Any CPU
		{A7756FF0-FDAF-4FE8-9AA0-B021191C0C6F}.Release|Any CPU.Build.0 = Release|Any CPU
	EndGlobalSection
	GlobalSection(SolutionProperties) = preSolution
		HideSolutionNode = FALSE
	EndGlobalSection
	GlobalSection(ExtensibilityGlobals) = postSolution
		SolutionGuid = {36186F9B-9D78-4529-868B-8B476866ECBC}
	EndGlobalSection
EndGlobal
