
Microsoft Visual Studio Solution File, Format Version 12.00
# Visual Studio Version 16
VisualStudioVersion = 16.0.30523.141
MinimumVisualStudioVersion = 10.0.40219.1
Project("{FAE04EC0-301F-11D3-BF4B-00C04F79EFBC}") = "OptionalParameter", "OptionalParameter\OptionalParameter.csproj", "{6B023F40-67D8-4D79-B87B-42015C9C182D}"
EndProject
Global
	GlobalSection(SolutionConfigurationPlatforms) = preSolution
		Debug|Any CPU = Debug|Any CPU
		Release|Any CPU = Release|Any CPU
	EndGlobalSection
	GlobalSection(ProjectConfigurationPlatforms) = postSolution
		{6B023F40-67D8-4D79-B87B-42015C9C182D}.Debug|Any CPU.ActiveCfg = Debug|Any CPU
		{6B023F40-67D8-4D79-B87B-42015C9C182D}.Debug|Any CPU.Build.0 = Debug|Any CPU
		{6B023F40-67D8-4D79-B87B-42015C9C182D}.Release|Any CPU.ActiveCfg = Release|Any CPU
		{6B023F40-67D8-4D79-B87B-42015C9C182D}.Release|Any CPU.Build.0 = Release|Any CPU
	EndGlobalSection
	GlobalSection(SolutionProperties) = preSolution
		HideSolutionNode = FALSE
	EndGlobalSection
	GlobalSection(ExtensibilityGlobals) = postSolution
		SolutionGuid = {BA54AE39-FCDA-4D0F-9930-8FBA26F2F5E9}
	EndGlobalSection
EndGlobal
