
Microsoft Visual Studio Solution File, Format Version 12.00
# Visual Studio Version 16
VisualStudioVersion = 16.0.30523.141
MinimumVisualStudioVersion = 10.0.40219.1
Project("{FAE04EC0-301F-11D3-BF4B-00C04F79EFBC}") = "VoidMethod", "VoidMethod\VoidMethod.csproj", "{4CEAFD34-CC41-4C68-BAB1-B5094CC3C00D}"
EndProject
Global
	GlobalSection(SolutionConfigurationPlatforms) = preSolution
		Debug|Any CPU = Debug|Any CPU
		Release|Any CPU = Release|Any CPU
	EndGlobalSection
	GlobalSection(ProjectConfigurationPlatforms) = postSolution
		{4CEAFD34-CC41-4C68-BAB1-B5094CC3C00D}.Debug|Any CPU.ActiveCfg = Debug|Any CPU
		{4CEAFD34-CC41-4C68-BAB1-B5094CC3C00D}.Debug|Any CPU.Build.0 = Debug|Any CPU
		{4CEAFD34-CC41-4C68-BAB1-B5094CC3C00D}.Release|Any CPU.ActiveCfg = Release|Any CPU
		{4CEAFD34-CC41-4C68-BAB1-B5094CC3C00D}.Release|Any CPU.Build.0 = Release|Any CPU
	EndGlobalSection
	GlobalSection(SolutionProperties) = preSolution
		HideSolutionNode = FALSE
	EndGlobalSection
	GlobalSection(ExtensibilityGlobals) = postSolution
		SolutionGuid = {195316EA-E403-4C80-9CB9-640FFFA8E763}
	EndGlobalSection
EndGlobal
