
Microsoft Visual Studio Solution File, Format Version 12.00
# Visual Studio Version 16
VisualStudioVersion = 16.0.30523.141
MinimumVisualStudioVersion = 10.0.40219.1
Project("{FAE04EC0-301F-11D3-BF4B-00C04F79EFBC}") = "Generic", "Generic\Generic.csproj", "{9900D584-77E3-40A5-8978-A865714C6BB9}"
EndProject
Global
	GlobalSection(SolutionConfigurationPlatforms) = preSolution
		Debug|Any CPU = Debug|Any CPU
		Release|Any CPU = Release|Any CPU
	EndGlobalSection
	GlobalSection(ProjectConfigurationPlatforms) = postSolution
		{9900D584-77E3-40A5-8978-A865714C6BB9}.Debug|Any CPU.ActiveCfg = Debug|Any CPU
		{9900D584-77E3-40A5-8978-A865714C6BB9}.Debug|Any CPU.Build.0 = Debug|Any CPU
		{9900D584-77E3-40A5-8978-A865714C6BB9}.Release|Any CPU.ActiveCfg = Release|Any CPU
		{9900D584-77E3-40A5-8978-A865714C6BB9}.Release|Any CPU.Build.0 = Release|Any CPU
	EndGlobalSection
	GlobalSection(SolutionProperties) = preSolution
		HideSolutionNode = FALSE
	EndGlobalSection
	GlobalSection(ExtensibilityGlobals) = postSolution
		SolutionGuid = {52599BB2-4FB0-4638-BE0C-93C823246E3E}
	EndGlobalSection
EndGlobal
