
Microsoft Visual Studio Solution File, Format Version 12.00
# Visual Studio Version 16
VisualStudioVersion = 16.0.30523.141
MinimumVisualStudioVersion = 10.0.40219.1
Project("{FAE04EC0-301F-11D3-BF4B-00C04F79EFBC}") = "ExceptionHandling", "ExceptionHandling\ExceptionHandling.csproj", "{12DC1330-83E8-4739-A8F2-64E84978F369}"
EndProject
Global
	GlobalSection(SolutionConfigurationPlatforms) = preSolution
		Debug|Any CPU = Debug|Any CPU
		Release|Any CPU = Release|Any CPU
	EndGlobalSection
	GlobalSection(ProjectConfigurationPlatforms) = postSolution
		{12DC1330-83E8-4739-A8F2-64E84978F369}.Debug|Any CPU.ActiveCfg = Debug|Any CPU
		{12DC1330-83E8-4739-A8F2-64E84978F369}.Debug|Any CPU.Build.0 = Debug|Any CPU
		{12DC1330-83E8-4739-A8F2-64E84978F369}.Release|Any CPU.ActiveCfg = Release|Any CPU
		{12DC1330-83E8-4739-A8F2-64E84978F369}.Release|Any CPU.Build.0 = Release|Any CPU
	EndGlobalSection
	GlobalSection(SolutionProperties) = preSolution
		HideSolutionNode = FALSE
	EndGlobalSection
	GlobalSection(ExtensibilityGlobals) = postSolution
		SolutionGuid = {FCB71801-CAA9-4CF8-A678-8ECA7DE174E6}
	EndGlobalSection
EndGlobal
